<?xml version="1.0" encoding="utf-8"?>
<Project ToolsVersion="16.0" xmlns="http://schemas.microsoft.com/developer/msbuild/2003">
  <ItemGroup>
    <CustomBuild Include="D:\half\exchange-core\CMakeFiles\9f78bd6305e3ad4bbdb5f2990c3b0429\generate.stamp.rule">
      <Filter>CMake Rules</Filter>
    </CustomBuild>
  </ItemGroup>
  <ItemGroup>
    <Filter Include="CMake Rules">
      <UniqueIdentifier>{45D8D2E0-0134-3CF1-89CD-FD98D827AF91}</UniqueIdentifier>
    </Filter>
  </ItemGroup>
</Project>
